
Microsoft Visual Studio Solution File, Format Version 12.00
# Visual Studio Version 17
VisualStudioVersion = 17.10.35004.147
MinimumVisualStudioVersion = 10.0.40219.1
Project("{FAE04EC0-301F-11D3-BF4B-00C04F79EFBC}") = "MVC5_Authorize", "MVC5_Authorize\MVC5_Authorize.csproj", "{D313F428-1E4F-416E-9981-E67D63B1B0E4}"
EndProject
Global
	GlobalSection(SolutionConfigurationPlatforms) = preSolution
		Debug|Any CPU = Debug|Any CPU
		Release|Any CPU = Release|Any CPU
	EndGlobalSection
	GlobalSection(ProjectConfigurationPlatforms) = postSolution
		{D313F428-1E4F-416E-9981-E67D63B1B0E4}.Debug|Any CPU.ActiveCfg = Debug|Any CPU
		{D313F428-1E4F-416E-9981-E67D63B1B0E4}.Debug|Any CPU.Build.0 = Debug|Any CPU
		{D313F428-1E4F-416E-9981-E67D63B1B0E4}.Release|Any CPU.ActiveCfg = Release|Any CPU
		{D313F428-1E4F-416E-9981-E67D63B1B0E4}.Release|Any CPU.Build.0 = Release|Any CPU
	EndGlobalSection
	GlobalSection(SolutionProperties) = preSolution
		HideSolutionNode = FALSE
	EndGlobalSection
	GlobalSection(ExtensibilityGlobals) = postSolution
		SolutionGuid = {A7E2A881-FBAD-447F-B6C7-89CB6A864916}
	EndGlobalSection
EndGlobal
