
Microsoft Visual Studio Solution File, Format Version 12.00
# Visual Studio Version 17
VisualStudioVersion = 17.10.35004.147
MinimumVisualStudioVersion = 10.0.40219.1
Project("{FAE04EC0-301F-11D3-BF4B-00C04F79EFBC}") = "Upload&RetrieveImageMVC_5", "Upload&RetrieveImageMVC_5\Upload&RetrieveImageMVC_5.csproj", "{4274B4D1-3AC2-4924-8E57-560CD887541C}"
EndProject
Global
	GlobalSection(SolutionConfigurationPlatforms) = preSolution
		Debug|Any CPU = Debug|Any CPU
		Release|Any CPU = Release|Any CPU
	EndGlobalSection
	GlobalSection(ProjectConfigurationPlatforms) = postSolution
		{4274B4D1-3AC2-4924-8E57-560CD887541C}.Debug|Any CPU.ActiveCfg = Debug|Any CPU
		{4274B4D1-3AC2-4924-8E57-560CD887541C}.Debug|Any CPU.Build.0 = Debug|Any CPU
		{4274B4D1-3AC2-4924-8E57-560CD887541C}.Release|Any CPU.ActiveCfg = Release|Any CPU
		{4274B4D1-3AC2-4924-8E57-560CD887541C}.Release|Any CPU.Build.0 = Release|Any CPU
	EndGlobalSection
	GlobalSection(SolutionProperties) = preSolution
		HideSolutionNode = FALSE
	EndGlobalSection
	GlobalSection(ExtensibilityGlobals) = postSolution
		SolutionGuid = {8791908C-AECB-4FFB-9CF4-15FF1BB0A47D}
	EndGlobalSection
EndGlobal
